
Microsoft Visual Studio Solution File, Format Version 12.00
# Visual Studio 15
VisualStudioVersion = 15.0.28307.960
MinimumVisualStudioVersion = 10.0.40219.1
Project("{FAE04EC0-301F-11D3-BF4B-00C04F79EFBC}") = "emgu", "emgu\emgu.csproj", "{A473FB27-F04F-4192-9D8B-706CC7175917}"
EndProject
Global
	GlobalSection(SolutionConfigurationPlatforms) = preSolution
		Debug|Any CPU = Debug|Any CPU
		Release|Any CPU = Release|Any CPU
	EndGlobalSection
	GlobalSection(ProjectConfigurationPlatforms) = postSolution
		{A473FB27-F04F-4192-9D8B-706CC7175917}.Debug|Any CPU.ActiveCfg = Debug|Any CPU
		{A473FB27-F04F-4192-9D8B-706CC7175917}.Debug|Any CPU.Build.0 = Debug|Any CPU
		{A473FB27-F04F-4192-9D8B-706CC7175917}.Release|Any CPU.ActiveCfg = Release|Any CPU
		{A473FB27-F04F-4192-9D8B-706CC7175917}.Release|Any CPU.Build.0 = Release|Any CPU
	EndGlobalSection
	GlobalSection(SolutionProperties) = preSolution
		HideSolutionNode = FALSE
	EndGlobalSection
	GlobalSection(ExtensibilityGlobals) = postSolution
		SolutionGuid = {E6359E5B-8216-41D5-A47A-826643C598AB}
	EndGlobalSection
EndGlobal
